// !$*UTF8*$!
{
	archiveVersion = 1;
	classes = {
	};
	objectVersion = 56;
	objects = {

/* Begin PBXBuildFile section */
		556E73DD2B0601FD00305BDC /* CustomTableViewCell.swift in Sources */ = {isa = PBXBuildFile; fileRef = 556E73DC2B0601FD00305BDC /* CustomTableViewCell.swift */; };
		556E73DF2B060C4500305BDC /* PlaceModel.swift in Sources */ = {isa = PBXBuildFile; fileRef = 556E73DE2B060C4500305BDC /* PlaceModel.swift */; };
		5581422F2B0B8AF2006F286B /* NewPlaceViewController.swift in Sources */ = {isa = PBXBuildFile; fileRef = 5581422E2B0B8AF2006F286B /* NewPlaceViewController.swift */; };
		559AF6EB2B0C94B200D60F0B /* Realm in Frameworks */ = {isa = PBXBuildFile; productRef = 559AF6EA2B0C94B200D60F0B /* Realm */; };
		559AF6ED2B0C94B200D60F0B /* RealmSwift in Frameworks */ = {isa = PBXBuildFile; productRef = 559AF6EC2B0C94B200D60F0B /* RealmSwift */; };
		559AF6EF2B0C9BA300D60F0B /* StorageManager.swift in Sources */ = {isa = PBXBuildFile; fileRef = 559AF6EE2B0C9BA300D60F0B /* StorageManager.swift */; };
		55B3B8F62B03886900AD23A9 /* AppDelegate.swift in Sources */ = {isa = PBXBuildFile; fileRef = 55B3B8F52B03886900AD23A9 /* AppDelegate.swift */; };
		55B3B8F82B03886900AD23A9 /* SceneDelegate.swift in Sources */ = {isa = PBXBuildFile; fileRef = 55B3B8F72B03886900AD23A9 /* SceneDelegate.swift */; };
		55B3B8FD2B03886900AD23A9 /* Main.storyboard in Resources */ = {isa = PBXBuildFile; fileRef = 55B3B8FB2B03886900AD23A9 /* Main.storyboard */; };
		55B3B8FF2B03886A00AD23A9 /* Assets.xcassets in Resources */ = {isa = PBXBuildFile; fileRef = 55B3B8FE2B03886A00AD23A9 /* Assets.xcassets */; };
		55B3B9022B03886A00AD23A9 /* LaunchScreen.storyboard in Resources */ = {isa = PBXBuildFile; fileRef = 55B3B9002B03886A00AD23A9 /* LaunchScreen.storyboard */; };
		55B3B90A2B038E9600AD23A9 /* MainViewController.swift in Sources */ = {isa = PBXBuildFile; fileRef = 55B3B9092B038E9600AD23A9 /* MainViewController.swift */; };
		55D3E2692B14C38F00DF88E9 /* Realm in Frameworks */ = {isa = PBXBuildFile; productRef = 55D3E2682B14C38F00DF88E9 /* Realm */; };
		55D3E26B2B14C38F00DF88E9 /* RealmSwift in Frameworks */ = {isa = PBXBuildFile; productRef = 55D3E26A2B14C38F00DF88E9 /* RealmSwift */; };
		55D3E26E2B14D58400DF88E9 /* Cosmos in Frameworks */ = {isa = PBXBuildFile; productRef = 55D3E26D2B14D58400DF88E9 /* Cosmos */; };
		55FA48972B1084DE00400881 /* Realm in Frameworks */ = {isa = PBXBuildFile; productRef = 55FA48962B1084DE00400881 /* Realm */; };
		55FA48992B1084DE00400881 /* RealmSwift in Frameworks */ = {isa = PBXBuildFile; productRef = 55FA48982B1084DE00400881 /* RealmSwift */; };
/* End PBXBuildFile section */

/* Begin PBXFileReference section */
		556E73DC2B0601FD00305BDC /* CustomTableViewCell.swift */ = {isa = PBXFileReference; lastKnownFileType = sourcecode.swift; path = CustomTableViewCell.swift; sourceTree = "<group>"; };
		556E73DE2B060C4500305BDC /* PlaceModel.swift */ = {isa = PBXFileReference; lastKnownFileType = sourcecode.swift; path = PlaceModel.swift; sourceTree = "<group>"; };
		5581422E2B0B8AF2006F286B /* NewPlaceViewController.swift */ = {isa = PBXFileReference; lastKnownFileType = sourcecode.swift; path = NewPlaceViewController.swift; sourceTree = "<group>"; };
		559AF6EE2B0C9BA300D60F0B /* StorageManager.swift */ = {isa = PBXFileReference; lastKnownFileType = sourcecode.swift; path = StorageManager.swift; sourceTree = "<group>"; };
		55B3B8F22B03886900AD23A9 /* MyPlaces.app */ = {isa = PBXFileReference; explicitFileType = wrapper.application; includeInIndex = 0; path = MyPlaces.app; sourceTree = BUILT_PRODUCTS_DIR; };
		55B3B8F52B03886900AD23A9 /* AppDelegate.swift */ = {isa = PBXFileReference; lastKnownFileType = sourcecode.swift; path = AppDelegate.swift; sourceTree = "<group>"; };
		55B3B8F72B03886900AD23A9 /* SceneDelegate.swift */ = {isa = PBXFileReference; lastKnownFileType = sourcecode.swift; path = SceneDelegate.swift; sourceTree = "<group>"; };
		55B3B8FC2B03886900AD23A9 /* Base */ = {isa = PBXFileReference; lastKnownFileType = file.storyboard; name = Base; path = Base.lproj/Main.storyboard; sourceTree = "<group>"; };
		55B3B8FE2B03886A00AD23A9 /* Assets.xcassets */ = {isa = PBXFileReference; lastKnownFileType = folder.assetcatalog; path = Assets.xcassets; sourceTree = "<group>"; };
		55B3B9012B03886A00AD23A9 /* Base */ = {isa = PBXFileReference; lastKnownFileType = file.storyboard; name = Base; path = Base.lproj/LaunchScreen.storyboard; sourceTree = "<group>"; };
		55B3B9032B03886A00AD23A9 /* Info.plist */ = {isa = PBXFileReference; lastKnownFileType = text.plist.xml; path = Info.plist; sourceTree = "<group>"; };
		55B3B9092B038E9600AD23A9 /* MainViewController.swift */ = {isa = PBXFileReference; lastKnownFileType = sourcecode.swift; path = MainViewController.swift; sourceTree = "<group>"; };
/* End PBXFileReference section */

/* Begin PBXFrameworksBuildPhase section */
		55B3B8EF2B03886900AD23A9 /* Frameworks */ = {
			isa = PBXFrameworksBuildPhase;
			buildActionMask = 2147483647;
			files = (
				55D3E26B2B14C38F00DF88E9 /* RealmSwift in Frameworks */,
				55FA48992B1084DE00400881 /* RealmSwift in Frameworks */,
				55D3E26E2B14D58400DF88E9 /* Cosmos in Frameworks */,
				55FA48972B1084DE00400881 /* Realm in Frameworks */,
				559AF6ED2B0C94B200D60F0B /* RealmSwift in Frameworks */,
				559AF6EB2B0C94B200D60F0B /* Realm in Frameworks */,
				55D3E2692B14C38F00DF88E9 /* Realm in Frameworks */,
			);
			runOnlyForDeploymentPostprocessing = 0;
		};
/* End PBXFrameworksBuildPhase section */

/* Begin PBXGroup section */
		55B3B8E92B03886900AD23A9 = {
			isa = PBXGroup;
			children = (
				55B3B8F42B03886900AD23A9 /* MyPlaces */,
				55B3B8F32B03886900AD23A9 /* Products */,
			);
			sourceTree = "<group>";
		};
		55B3B8F32B03886900AD23A9 /* Products */ = {
			isa = PBXGroup;
			children = (
				55B3B8F22B03886900AD23A9 /* MyPlaces.app */,
			);
			name = Products;
			sourceTree = "<group>";
		};
		55B3B8F42B03886900AD23A9 /* MyPlaces */ = {
			isa = PBXGroup;
			children = (
				55B3B8F52B03886900AD23A9 /* AppDelegate.swift */,
				55B3B8F72B03886900AD23A9 /* SceneDelegate.swift */,
				556E73DC2B0601FD00305BDC /* CustomTableViewCell.swift */,
				55B3B9092B038E9600AD23A9 /* MainViewController.swift */,
				5581422E2B0B8AF2006F286B /* NewPlaceViewController.swift */,
				556E73DE2B060C4500305BDC /* PlaceModel.swift */,
				559AF6EE2B0C9BA300D60F0B /* StorageManager.swift */,
				55B3B8FB2B03886900AD23A9 /* Main.storyboard */,
				55B3B8FE2B03886A00AD23A9 /* Assets.xcassets */,
				55B3B9002B03886A00AD23A9 /* LaunchScreen.storyboard */,
				55B3B9032B03886A00AD23A9 /* Info.plist */,
			);
			path = MyPlaces;
			sourceTree = "<group>";
		};
/* End PBXGroup section */

/* Begin PBXNativeTarget section */
		55B3B8F12B03886900AD23A9 /* MyPlaces */ = {
			isa = PBXNativeTarget;
			buildConfigurationList = 55B3B9062B03886A00AD23A9 /* Build configuration list for PBXNativeTarget "MyPlaces" */;
			buildPhases = (
				55B3B8EE2B03886900AD23A9 /* Sources */,
				55B3B8EF2B03886900AD23A9 /* Frameworks */,
				55B3B8F02B03886900AD23A9 /* Resources */,
			);
			buildRules = (
			);
			dependencies = (
			);
			name = MyPlaces;
			packageProductDependencies = (
				559AF6EA2B0C94B200D60F0B /* Realm */,
				559AF6EC2B0C94B200D60F0B /* RealmSwift */,
				55FA48962B1084DE00400881 /* Realm */,
				55FA48982B1084DE00400881 /* RealmSwift */,
				55D3E2682B14C38F00DF88E9 /* Realm */,
				55D3E26A2B14C38F00DF88E9 /* RealmSwift */,
				55D3E26D2B14D58400DF88E9 /* Cosmos */,
			);
			productName = MyPlaces;
			productReference = 55B3B8F22B03886900AD23A9 /* MyPlaces.app */;
			productType = "com.apple.product-type.application";
		};
/* End PBXNativeTarget section */

/* Begin PBXProject section */
		55B3B8EA2B03886900AD23A9 /* Project object */ = {
			isa = PBXProject;
			attributes = {
				BuildIndependentTargetsInParallel = 1;
				LastSwiftUpdateCheck = 1500;
				LastUpgradeCheck = 1500;
				TargetAttributes = {
					55B3B8F12B03886900AD23A9 = {
						CreatedOnToolsVersion = 15.0;
					};
				};
			};
			buildConfigurationList = 55B3B8ED2B03886900AD23A9 /* Build configuration list for PBXProject "MyPlaces" */;
			compatibilityVersion = "Xcode 14.0";
			developmentRegion = en;
			hasScannedForEncodings = 0;
			knownRegions = (
				en,
				Base,
			);
			mainGroup = 55B3B8E92B03886900AD23A9;
			packageReferences = (
				559AF6E92B0C94B200D60F0B /* XCRemoteSwiftPackageReference "realm-swift" */,
				55D3E26C2B14D58400DF88E9 /* XCRemoteSwiftPackageReference "Cosmos" */,
			);
			productRefGroup = 55B3B8F32B03886900AD23A9 /* Products */;
			projectDirPath = "";
			projectRoot = "";
			targets = (
				55B3B8F12B03886900AD23A9 /* MyPlaces */,
			);
		};
/* End PBXProject section */

/* Begin PBXResourcesBuildPhase section */
		55B3B8F02B03886900AD23A9 /* Resources */ = {
			isa = PBXResourcesBuildPhase;
			buildActionMask = 2147483647;
			files = (
				55B3B9022B03886A00AD23A9 /* LaunchScreen.storyboard in Resources */,
				55B3B8FF2B03886A00AD23A9 /* Assets.xcassets in Resources */,
				55B3B8FD2B03886900AD23A9 /* Main.storyboard in Resources */,
			);
			runOnlyForDeploymentPostprocessing = 0;
		};
/* End PBXResourcesBuildPhase section */

/* Begin PBXSourcesBuildPhase section */
		55B3B8EE2B03886900AD23A9 /* Sources */ = {
			isa = PBXSourcesBuildPhase;
			buildActionMask = 2147483647;
			files = (
				55B3B90A2B038E9600AD23A9 /* MainViewController.swift in Sources */,
				5581422F2B0B8AF2006F286B /* NewPlaceViewController.swift in Sources */,
				55B3B8F62B03886900AD23A9 /* AppDelegate.swift in Sources */,
				559AF6EF2B0C9BA300D60F0B /* StorageManager.swift in Sources */,
				556E73DF2B060C4500305BDC /* PlaceModel.swift in Sources */,
				556E73DD2B0601FD00305BDC /* CustomTableViewCell.swift in Sources */,
				55B3B8F82B03886900AD23A9 /* SceneDelegate.swift in Sources */,
			);
			runOnlyForDeploymentPostprocessing = 0;
		};
/* End PBXSourcesBuildPhase section */

/* Begin PBXVariantGroup section */
		55B3B8FB2B03886900AD23A9 /* Main.storyboard */ = {
			isa = PBXVariantGroup;
			children = (
				55B3B8FC2B03886900AD23A9 /* Base */,
			);
			name = Main.storyboard;
			sourceTree = "<group>";
		};
		55B3B9002B03886A00AD23A9 /* LaunchScreen.storyboard */ = {
			isa = PBXVariantGroup;
			children = (
				55B3B9012B03886A00AD23A9 /* Base */,
			);
			name = LaunchScreen.storyboard;
			sourceTree = "<group>";
		};
/* End PBXVariantGroup section */

/* Begin XCBuildConfiguration section */
		55B3B9042B03886A00AD23A9 /* Debug */ = {
			isa = XCBuildConfiguration;
			buildSettings = {
				ALWAYS_SEARCH_USER_PATHS = NO;
				ASSETCATALOG_COMPILER_GENERATE_SWIFT_ASSET_SYMBOL_EXTENSIONS = YES;
				CLANG_ANALYZER_NONNULL = YES;
				CLANG_ANALYZER_NUMBER_OBJECT_CONVERSION = YES_AGGRESSIVE;
				CLANG_CXX_LANGUAGE_STANDARD = "gnu++20";
				CLANG_ENABLE_MODULES = YES;
				CLANG_ENABLE_OBJC_ARC = YES;
				CLANG_ENABLE_OBJC_WEAK = YES;
				CLANG_WARN_BLOCK_CAPTURE_AUTORELEASING = YES;
				CLANG_WARN_BOOL_CONVERSION = YES;
				CLANG_WARN_COMMA = YES;
				CLANG_WARN_CONSTANT_CONVERSION = YES;
				CLANG_WARN_DEPRECATED_OBJC_IMPLEMENTATIONS = YES;
				CLANG_WARN_DIRECT_OBJC_ISA_USAGE = YES_ERROR;
				CLANG_WARN_DOCUMENTATION_COMMENTS = YES;
				CLANG_WARN_EMPTY_BODY = YES;
				CLANG_WARN_ENUM_CONVERSION = YES;
				CLANG_WARN_INFINITE_RECURSION = YES;
				CLANG_WARN_INT_CONVERSION = YES;
				CLANG_WARN_NON_LITERAL_NULL_CONVERSION = YES;
				CLANG_WARN_OBJC_IMPLICIT_RETAIN_SELF = YES;
				CLANG_WARN_OBJC_LITERAL_CONVERSION = YES;
				CLANG_WARN_OBJC_ROOT_CLASS = YES_ERROR;
				CLANG_WARN_QUOTED_INCLUDE_IN_FRAMEWORK_HEADER = YES;
				CLANG_WARN_RANGE_LOOP_ANALYSIS = YES;
				CLANG_WARN_STRICT_PROTOTYPES = YES;
				CLANG_WARN_SUSPICIOUS_MOVE = YES;
				CLANG_WARN_UNGUARDED_AVAILABILITY = YES_AGGRESSIVE;
				CLANG_WARN_UNREACHABLE_CODE = YES;
				CLANG_WARN__DUPLICATE_METHOD_MATCH = YES;
				COPY_PHASE_STRIP = NO;
				DEBUG_INFORMATION_FORMAT = dwarf;
				ENABLE_STRICT_OBJC_MSGSEND = YES;
				ENABLE_TESTABILITY = YES;
				ENABLE_USER_SCRIPT_SANDBOXING = YES;
				GCC_C_LANGUAGE_STANDARD = gnu17;
				GCC_DYNAMIC_NO_PIC = NO;
				GCC_NO_COMMON_BLOCKS = YES;
				GCC_OPTIMIZATION_LEVEL = 0;
				GCC_PREPROCESSOR_DEFINITIONS = (
					"DEBUG=1",
					"$(inherited)",
				);
				GCC_WARN_64_TO_32_BIT_CONVERSION = YES;
				GCC_WARN_ABOUT_RETURN_TYPE = YES_ERROR;
				GCC_WARN_UNDECLARED_SELECTOR = YES;
				GCC_WARN_UNINITIALIZED_AUTOS = YES_AGGRESSIVE;
				GCC_WARN_UNUSED_FUNCTION = YES;
				GCC_WARN_UNUSED_VARIABLE = YES;
				IPHONEOS_DEPLOYMENT_TARGET = 17.0;
				LOCALIZATION_PREFERS_STRING_CATALOGS = YES;
				MTL_ENABLE_DEBUG_INFO = INCLUDE_SOURCE;
				MTL_FAST_MATH = YES;
				ONLY_ACTIVE_ARCH = YES;
				SDKROOT = iphoneos;
				SWIFT_ACTIVE_COMPILATION_CONDITIONS = "DEBUG $(inherited)";
				SWIFT_OPTIMIZATION_LEVEL = "-Onone";
			};
			name = Debug;
		};
		55B3B9052B03886A00AD23A9 /* Release */ = {
			isa = XCBuildConfiguration;
			buildSettings = {
				ALWAYS_SEARCH_USER_PATHS = NO;
				ASSETCATALOG_COMPILER_GENERATE_SWIFT_ASSET_SYMBOL_EXTENSIONS = YES;
				CLANG_ANALYZER_NONNULL = YES;
				CLANG_ANALYZER_NUMBER_OBJECT_CONVERSION = YES_AGGRESSIVE;
				CLANG_CXX_LANGUAGE_STANDARD = "gnu++20";
				CLANG_ENABLE_MODULES = YES;
				CLANG_ENABLE_OBJC_ARC = YES;
				CLANG_ENABLE_OBJC_WEAK = YES;
				CLANG_WARN_BLOCK_CAPTURE_AUTORELEASING = YES;
				CLANG_WARN_BOOL_CONVERSION = YES;
				CLANG_WARN_COMMA = YES;
				CLANG_WARN_CONSTANT_CONVERSION = YES;
				CLANG_WARN_DEPRECATED_OBJC_IMPLEMENTATIONS = YES;
				CLANG_WARN_DIRECT_OBJC_ISA_USAGE = YES_ERROR;
				CLANG_WARN_DOCUMENTATION_COMMENTS = YES;
				CLANG_WARN_EMPTY_BODY = YES;
				CLANG_WARN_ENUM_CONVERSION = YES;
				CLANG_WARN_INFINITE_RECURSION = YES;
				CLANG_WARN_INT_CONVERSION = YES;
				CLANG_WARN_NON_LITERAL_NULL_CONVERSION = YES;
				CLANG_WARN_OBJC_IMPLICIT_RETAIN_SELF = YES;
				CLANG_WARN_OBJC_LITERAL_CONVERSION = YES;
				CLANG_WARN_OBJC_ROOT_CLASS = YES_ERROR;
				CLANG_WARN_QUOTED_INCLUDE_IN_FRAMEWORK_HEADER = YES;
				CLANG_WARN_RANGE_LOOP_ANALYSIS = YES;
				CLANG_WARN_STRICT_PROTOTYPES = YES;
				CLANG_WARN_SUSPICIOUS_MOVE = YES;
				CLANG_WARN_UNGUARDED_AVAILABILITY = YES_AGGRESSIVE;
				CLANG_WARN_UNREACHABLE_CODE = YES;
				CLANG_WARN__DUPLICATE_METHOD_MATCH = YES;
				COPY_PHASE_STRIP = NO;
				DEBUG_INFORMATION_FORMAT = "dwarf-with-dsym";
				ENABLE_NS_ASSERTIONS = NO;
				ENABLE_STRICT_OBJC_MSGSEND = YES;
				ENABLE_USER_SCRIPT_SANDBOXING = YES;
				GCC_C_LANGUAGE_STANDARD = gnu17;
				GCC_NO_COMMON_BLOCKS = YES;
				GCC_WARN_64_TO_32_BIT_CONVERSION = YES;
				GCC_WARN_ABOUT_RETURN_TYPE = YES_ERROR;
				GCC_WARN_UNDECLARED_SELECTOR = YES;
				GCC_WARN_UNINITIALIZED_AUTOS = YES_AGGRESSIVE;
				GCC_WARN_UNUSED_FUNCTION = YES;
				GCC_WARN_UNUSED_VARIABLE = YES;
				IPHONEOS_DEPLOYMENT_TARGET = 17.0;
				LOCALIZATION_PREFERS_STRING_CATALOGS = YES;
				MTL_ENABLE_DEBUG_INFO = NO;
				MTL_FAST_MATH = YES;
				SDKROOT = iphoneos;
				SWIFT_COMPILATION_MODE = wholemodule;
				VALIDATE_PRODUCT = YES;
			};
			name = Release;
		};
		55B3B9072B03886A00AD23A9 /* Debug */ = {
			isa = XCBuildConfiguration;
			buildSettings = {
				ASSETCATALOG_COMPILER_APPICON_NAME = AppIcon;
				ASSETCATALOG_COMPILER_GLOBAL_ACCENT_COLOR_NAME = AccentColor;
				CODE_SIGN_STYLE = Automatic;
				CURRENT_PROJECT_VERSION = 1;
				DEVELOPMENT_TEAM = FXSV9B5G82;
				GENERATE_INFOPLIST_FILE = YES;
				INFOPLIST_FILE = MyPlaces/Info.plist;
				INFOPLIST_KEY_UIApplicationSupportsIndirectInputEvents = YES;
				INFOPLIST_KEY_UILaunchStoryboardName = LaunchScreen;
				INFOPLIST_KEY_UIMainStoryboardFile = Main;
				INFOPLIST_KEY_UISupportedInterfaceOrientations_iPad = "UIInterfaceOrientationPortrait UIInterfaceOrientationPortraitUpsideDown UIInterfaceOrientationLandscapeLeft UIInterfaceOrientationLandscapeRight";
				INFOPLIST_KEY_UISupportedInterfaceOrientations_iPhone = "UIInterfaceOrientationPortrait UIInterfaceOrientationLandscapeLeft UIInterfaceOrientationLandscapeRight";
				IPHONEOS_DEPLOYMENT_TARGET = 16.0;
				LD_RUNPATH_SEARCH_PATHS = (
					"$(inherited)",
					"@executable_path/Frameworks",
				);
				MARKETING_VERSION = 1.0;
				PRODUCT_BUNDLE_IDENTIFIER = zap.MyPlaces;
				PRODUCT_NAME = "$(TARGET_NAME)";
				SWIFT_EMIT_LOC_STRINGS = YES;
				SWIFT_VERSION = 5.0;
				TARGETED_DEVICE_FAMILY = "1,2";
			};
			name = Debug;
		};
		55B3B9082B03886A00AD23A9 /* Release */ = {
			isa = XCBuildConfiguration;
			buildSettings = {
				ASSETCATALOG_COMPILER_APPICON_NAME = AppIcon;
				ASSETCATALOG_COMPILER_GLOBAL_ACCENT_COLOR_NAME = AccentColor;
				CODE_SIGN_STYLE = Automatic;
				CURRENT_PROJECT_VERSION = 1;
				DEVELOPMENT_TEAM = FXSV9B5G82;
				GENERATE_INFOPLIST_FILE = YES;
				INFOPLIST_FILE = MyPlaces/Info.plist;
				INFOPLIST_KEY_UIApplicationSupportsIndirectInputEvents = YES;
				INFOPLIST_KEY_UILaunchStoryboardName = LaunchScreen;
				INFOPLIST_KEY_UIMainStoryboardFile = Main;
				INFOPLIST_KEY_UISupportedInterfaceOrientations_iPad = "UIInterfaceOrientationPortrait UIInterfaceOrientationPortraitUpsideDown UIInterfaceOrientationLandscapeLeft UIInterfaceOrientationLandscapeRight";
				INFOPLIST_KEY_UISupportedInterfaceOrientations_iPhone = "UIInterfaceOrientationPortrait UIInterfaceOrientationLandscapeLeft UIInterfaceOrientationLandscapeRight";
				IPHONEOS_DEPLOYMENT_TARGET = 16.0;
				LD_RUNPATH_SEARCH_PATHS = (
					"$(inherited)",
					"@executable_path/Frameworks",
				);
				MARKETING_VERSION = 1.0;
				PRODUCT_BUNDLE_IDENTIFIER = zap.MyPlaces;
				PRODUCT_NAME = "$(TARGET_NAME)";
				SWIFT_EMIT_LOC_STRINGS = YES;
				SWIFT_VERSION = 5.0;
				TARGETED_DEVICE_FAMILY = "1,2";
			};
			name = Release;
		};
/* End XCBuildConfiguration section */

/* Begin XCConfigurationList section */
		55B3B8ED2B03886900AD23A9 /* Build configuration list for PBXProject "MyPlaces" */ = {
			isa = XCConfigurationList;
			buildConfigurations = (
				55B3B9042B03886A00AD23A9 /* Debug */,
				55B3B9052B03886A00AD23A9 /* Release */,
			);
			defaultConfigurationIsVisible = 0;
			defaultConfigurationName = Release;
		};
		55B3B9062B03886A00AD23A9 /* Build configuration list for PBXNativeTarget "MyPlaces" */ = {
			isa = XCConfigurationList;
			buildConfigurations = (
				55B3B9072B03886A00AD23A9 /* Debug */,
				55B3B9082B03886A00AD23A9 /* Release */,
			);
			defaultConfigurationIsVisible = 0;
			defaultConfigurationName = Release;
		};
/* End XCConfigurationList section */

/* Begin XCRemoteSwiftPackageReference section */
		559AF6E92B0C94B200D60F0B /* XCRemoteSwiftPackageReference "realm-swift" */ = {
			isa = XCRemoteSwiftPackageReference;
			repositoryURL = "https://github.com/realm/realm-swift.git";
			requirement = {
				branch = master;
				kind = branch;
			};
		};
		55D3E26C2B14D58400DF88E9 /* XCRemoteSwiftPackageReference "Cosmos" */ = {
			isa = XCRemoteSwiftPackageReference;
			repositoryURL = "https://github.com/evgenyneu/Cosmos.git";
			requirement = {
				kind = upToNextMajorVersion;
				minimumVersion = 23.0.0;
			};
		};
/* End XCRemoteSwiftPackageReference section */

/* Begin XCSwiftPackageProductDependency section */
		559AF6EA2B0C94B200D60F0B /* Realm */ = {
			isa = XCSwiftPackageProductDependency;
			package = 559AF6E92B0C94B200D60F0B /* XCRemoteSwiftPackageReference "realm-swift" */;
			productName = Realm;
		};
		559AF6EC2B0C94B200D60F0B /* RealmSwift */ = {
			isa = XCSwiftPackageProductDependency;
			package = 559AF6E92B0C94B200D60F0B /* XCRemoteSwiftPackageReference "realm-swift" */;
			productName = RealmSwift;
		};
		55D3E2682B14C38F00DF88E9 /* Realm */ = {
			isa = XCSwiftPackageProductDependency;
			package = 559AF6E92B0C94B200D60F0B /* XCRemoteSwiftPackageReference "realm-swift" */;
			productName = Realm;
		};
		55D3E26A2B14C38F00DF88E9 /* RealmSwift */ = {
			isa = XCSwiftPackageProductDependency;
			package = 559AF6E92B0C94B200D60F0B /* XCRemoteSwiftPackageReference "realm-swift" */;
			productName = RealmSwift;
		};
		55D3E26D2B14D58400DF88E9 /* Cosmos */ = {
			isa = XCSwiftPackageProductDependency;
			package = 55D3E26C2B14D58400DF88E9 /* XCRemoteSwiftPackageReference "Cosmos" */;
			productName = Cosmos;
		};
		55FA48962B1084DE00400881 /* Realm */ = {
			isa = XCSwiftPackageProductDependency;
			package = 559AF6E92B0C94B200D60F0B /* XCRemoteSwiftPackageReference "realm-swift" */;
			productName = Realm;
		};
		55FA48982B1084DE00400881 /* RealmSwift */ = {
			isa = XCSwiftPackageProductDependency;
			package = 559AF6E92B0C94B200D60F0B /* XCRemoteSwiftPackageReference "realm-swift" */;
			productName = RealmSwift;
		};
/* End XCSwiftPackageProductDependency section */
	};
	rootObject = 55B3B8EA2B03886900AD23A9 /* Project object */;
}
